
Microsoft Visual Studio Solution File, Format Version 12.00
# Visual Studio Version 16
VisualStudioVersion = 16.0.29215.179
MinimumVisualStudioVersion = 10.0.40219.1
Project("{FAE04EC0-301F-11D3-BF4B-00C04F79EFBC}") = "bootstap-admin-template", "bootstap-admin-template.csproj", "{DEE1B0FE-4764-4564-B35D-5D438B02925D}"
EndProject
Global
	GlobalSection(SolutionConfigurationPlatforms) = preSolution
		Debug|Any CPU = Debug|Any CPU
		Release|Any CPU = Release|Any CPU
	EndGlobalSection
	GlobalSection(ProjectConfigurationPlatforms) = postSolution
		{DEE1B0FE-4764-4564-B35D-5D438B02925D}.Debug|Any CPU.ActiveCfg = Debug|Any CPU
		{DEE1B0FE-4764-4564-B35D-5D438B02925D}.Debug|Any CPU.Build.0 = Debug|Any CPU
		{DEE1B0FE-4764-4564-B35D-5D438B02925D}.Release|Any CPU.ActiveCfg = Release|Any CPU
		{DEE1B0FE-4764-4564-B35D-5D438B02925D}.Release|Any CPU.Build.0 = Release|Any CPU
	EndGlobalSection
	GlobalSection(SolutionProperties) = preSolution
		HideSolutionNode = FALSE
	EndGlobalSection
	GlobalSection(ExtensibilityGlobals) = postSolution
		SolutionGuid = {06EA9B55-2200-4882-8D4D-1458151C2B64}
	EndGlobalSection
EndGlobal
